// !$*UTF8*$!
{
	archiveVersion = 1;
	classes = {
	};
	objectVersion = 50;
	objects = {

/* Begin PBXBuildFile section */
		9B03CC6F23679B1C000300C9 /* AppDelegate.swift in Sources */ = {isa = PBXBuildFile; fileRef = 9B03CC6E23679B1C000300C9 /* AppDelegate.swift */; };
		9B03CC7123679B1C000300C9 /* ViewController.swift in Sources */ = {isa = PBXBuildFile; fileRef = 9B03CC7023679B1C000300C9 /* ViewController.swift */; };
		9B03CC7423679B1C000300C9 /* Main.storyboard in Resources */ = {isa = PBXBuildFile; fileRef = 9B03CC7223679B1C000300C9 /* Main.storyboard */; };
		9B03CC7623679B1D000300C9 /* Assets.xcassets in Resources */ = {isa = PBXBuildFile; fileRef = 9B03CC7523679B1D000300C9 /* Assets.xcassets */; };
		9B03CC7923679B1D000300C9 /* LaunchScreen.storyboard in Resources */ = {isa = PBXBuildFile; fileRef = 9B03CC7723679B1D000300C9 /* LaunchScreen.storyboard */; };
		9B03CC8423679B1D000300C9 /* fIRStTests.swift in Sources */ = {isa = PBXBuildFile; fileRef = 9B03CC8323679B1D000300C9 /* fIRStTests.swift */; };
		9B03CC8F23679B1D000300C9 /* fIRStUITests.swift in Sources */ = {isa = PBXBuildFile; fileRef = 9B03CC8E23679B1D000300C9 /* fIRStUITests.swift */; };
		9B03CC9D23679BC4000300C9 /* SecondViewContollerViewController.swift in Sources */ = {isa = PBXBuildFile; fileRef = 9B03CC9C23679BC4000300C9 /* SecondViewContollerViewController.swift */; };
/* End PBXBuildFile section */

/* Begin PBXContainerItemProxy section */
		9B03CC8023679B1D000300C9 /* PBXContainerItemProxy */ = {
			isa = PBXContainerItemProxy;
			containerPortal = 9B03CC6323679B1C000300C9 /* Project object */;
			proxyType = 1;
			remoteGlobalIDString = 9B03CC6A23679B1C000300C9;
			remoteInfo = fIRSt;
		};
		9B03CC8B23679B1D000300C9 /* PBXContainerItemProxy */ = {
			isa = PBXContainerItemProxy;
			containerPortal = 9B03CC6323679B1C000300C9 /* Project object */;
			proxyType = 1;
			remoteGlobalIDString = 9B03CC6A23679B1C000300C9;
			remoteInfo = fIRSt;
		};
/* End PBXContainerItemProxy section */

/* Begin PBXFileReference section */
		9B03CC6B23679B1C000300C9 /* fIRSt.app */ = {isa = PBXFileReference; explicitFileType = wrapper.application; includeInIndex = 0; path = fIRSt.app; sourceTree = BUILT_PRODUCTS_DIR; };
		9B03CC6E23679B1C000300C9 /* AppDelegate.swift */ = {isa = PBXFileReference; lastKnownFileType = sourcecode.swift; path = AppDelegate.swift; sourceTree = "<group>"; };
		9B03CC7023679B1C000300C9 /* ViewController.swift */ = {isa = PBXFileReference; lastKnownFileType = sourcecode.swift; path = ViewController.swift; sourceTree = "<group>"; };
		9B03CC7323679B1C000300C9 /* Base */ = {isa = PBXFileReference; lastKnownFileType = file.storyboard; name = Base; path = Base.lproj/Main.storyboard; sourceTree = "<group>"; };
		9B03CC7523679B1D000300C9 /* Assets.xcassets */ = {isa = PBXFileReference; lastKnownFileType = folder.assetcatalog; path = Assets.xcassets; sourceTree = "<group>"; };
		9B03CC7823679B1D000300C9 /* Base */ = {isa = PBXFileReference; lastKnownFileType = file.storyboard; name = Base; path = Base.lproj/LaunchScreen.storyboard; sourceTree = "<group>"; };
		9B03CC7A23679B1D000300C9 /* Info.plist */ = {isa = PBXFileReference; lastKnownFileType = text.plist.xml; path = Info.plist; sourceTree = "<group>"; };
		9B03CC7F23679B1D000300C9 /* fIRStTests.xctest */ = {isa = PBXFileReference; explicitFileType = wrapper.cfbundle; includeInIndex = 0; path = fIRStTests.xctest; sourceTree = BUILT_PRODUCTS_DIR; };
		9B03CC8323679B1D000300C9 /* fIRStTests.swift */ = {isa = PBXFileReference; lastKnownFileType = sourcecode.swift; path = fIRStTests.swift; sourceTree = "<group>"; };
		9B03CC8523679B1D000300C9 /* Info.plist */ = {isa = PBXFileReference; lastKnownFileType = text.plist.xml; path = Info.plist; sourceTree = "<group>"; };
		9B03CC8A23679B1D000300C9 /* fIRStUITests.xctest */ = {isa = PBXFileReference; explicitFileType = wrapper.cfbundle; includeInIndex = 0; path = fIRStUITests.xctest; sourceTree = BUILT_PRODUCTS_DIR; };
		9B03CC8E23679B1D000300C9 /* fIRStUITests.swift */ = {isa = PBXFileReference; lastKnownFileType = sourcecode.swift; path = fIRStUITests.swift; sourceTree = "<group>"; };
		9B03CC9023679B1D000300C9 /* Info.plist */ = {isa = PBXFileReference; lastKnownFileType = text.plist.xml; path = Info.plist; sourceTree = "<group>"; };
		9B03CC9C23679BC4000300C9 /* SecondViewContollerViewController.swift */ = {isa = PBXFileReference; lastKnownFileType = sourcecode.swift; path = SecondViewContollerViewController.swift; sourceTree = "<group>"; };
/* End PBXFileReference section */

/* Begin PBXFrameworksBuildPhase section */
		9B03CC6823679B1C000300C9 /* Frameworks */ = {
			isa = PBXFrameworksBuildPhase;
			buildActionMask = 2147483647;
			files = (
			);
			runOnlyForDeploymentPostprocessing = 0;
		};
		9B03CC7C23679B1D000300C9 /* Frameworks */ = {
			isa = PBXFrameworksBuildPhase;
			buildActionMask = 2147483647;
			files = (
			);
			runOnlyForDeploymentPostprocessing = 0;
		};
		9B03CC8723679B1D000300C9 /* Frameworks */ = {
			isa = PBXFrameworksBuildPhase;
			buildActionMask = 2147483647;
			files = (
			);
			runOnlyForDeploymentPostprocessing = 0;
		};
/* End PBXFrameworksBuildPhase section */

/* Begin PBXGroup section */
		9B03CC6223679B1C000300C9 = {
			isa = PBXGroup;
			children = (
				9B03CC6D23679B1C000300C9 /* fIRSt */,
				9B03CC8223679B1D000300C9 /* fIRStTests */,
				9B03CC8D23679B1D000300C9 /* fIRStUITests */,
				9B03CC6C23679B1C000300C9 /* Products */,
			);
			sourceTree = "<group>";
		};
		9B03CC6C23679B1C000300C9 /* Products */ = {
			isa = PBXGroup;
			children = (
				9B03CC6B23679B1C000300C9 /* fIRSt.app */,
				9B03CC7F23679B1D000300C9 /* fIRStTests.xctest */,
				9B03CC8A23679B1D000300C9 /* fIRStUITests.xctest */,
			);
			name = Products;
			sourceTree = "<group>";
		};
		9B03CC6D23679B1C000300C9 /* fIRSt */ = {
			isa = PBXGroup;
			children = (
				9B03CC6E23679B1C000300C9 /* AppDelegate.swift */,
				9B03CC7023679B1C000300C9 /* ViewController.swift */,
				9B03CC7223679B1C000300C9 /* Main.storyboard */,
				9B03CC7523679B1D000300C9 /* Assets.xcassets */,
				9B03CC7723679B1D000300C9 /* LaunchScreen.storyboard */,
				9B03CC7A23679B1D000300C9 /* Info.plist */,
				9B03CC9C23679BC4000300C9 /* SecondViewContollerViewController.swift */,
			);
			path = fIRSt;
			sourceTree = "<group>";
		};
		9B03CC8223679B1D000300C9 /* fIRStTests */ = {
			isa = PBXGroup;
			children = (
				9B03CC8323679B1D000300C9 /* fIRStTests.swift */,
				9B03CC8523679B1D000300C9 /* Info.plist */,
			);
			path = fIRStTests;
			sourceTree = "<group>";
		};
		9B03CC8D23679B1D000300C9 /* fIRStUITests */ = {
			isa = PBXGroup;
			children = (
				9B03CC8E23679B1D000300C9 /* fIRStUITests.swift */,
				9B03CC9023679B1D000300C9 /* Info.plist */,
			);
			path = fIRStUITests;
			sourceTree = "<group>";
		};
/* End PBXGroup section */

/* Begin PBXNativeTarget section */
		9B03CC6A23679B1C000300C9 /* fIRSt */ = {
			isa = PBXNativeTarget;
			buildConfigurationList = 9B03CC9323679B1D000300C9 /* Build configuration list for PBXNativeTarget "fIRSt" */;
			buildPhases = (
				9B03CC6723679B1C000300C9 /* Sources */,
				9B03CC6823679B1C000300C9 /* Frameworks */,
				9B03CC6923679B1C000300C9 /* Resources */,
			);
			buildRules = (
			);
			dependencies = (
			);
			name = fIRSt;
			productName = fIRSt;
			productReference = 9B03CC6B23679B1C000300C9 /* fIRSt.app */;
			productType = "com.apple.product-type.application";
		};
		9B03CC7E23679B1D000300C9 /* fIRStTests */ = {
			isa = PBXNativeTarget;
			buildConfigurationList = 9B03CC9623679B1D000300C9 /* Build configuration list for PBXNativeTarget "fIRStTests" */;
			buildPhases = (
				9B03CC7B23679B1D000300C9 /* Sources */,
				9B03CC7C23679B1D000300C9 /* Frameworks */,
				9B03CC7D23679B1D000300C9 /* Resources */,
			);
			buildRules = (
			);
			dependencies = (
				9B03CC8123679B1D000300C9 /* PBXTargetDependency */,
			);
			name = fIRStTests;
			productName = fIRStTests;
			productReference = 9B03CC7F23679B1D000300C9 /* fIRStTests.xctest */;
			productType = "com.apple.product-type.bundle.unit-test";
		};
		9B03CC8923679B1D000300C9 /* fIRStUITests */ = {
			isa = PBXNativeTarget;
			buildConfigurationList = 9B03CC9923679B1D000300C9 /* Build configuration list for PBXNativeTarget "fIRStUITests" */;
			buildPhases = (
				9B03CC8623679B1D000300C9 /* Sources */,
				9B03CC8723679B1D000300C9 /* Frameworks */,
				9B03CC8823679B1D000300C9 /* Resources */,
			);
			buildRules = (
			);
			dependencies = (
				9B03CC8C23679B1D000300C9 /* PBXTargetDependency */,
			);
			name = fIRStUITests;
			productName = fIRStUITests;
			productReference = 9B03CC8A23679B1D000300C9 /* fIRStUITests.xctest */;
			productType = "com.apple.product-type.bundle.ui-testing";
		};
/* End PBXNativeTarget section */

/* Begin PBXProject section */
		9B03CC6323679B1C000300C9 /* Project object */ = {
			isa = PBXProject;
			attributes = {
				LastSwiftUpdateCheck = 1030;
				LastUpgradeCheck = 1030;
				ORGANIZATIONNAME = MacStudent;
				TargetAttributes = {
					9B03CC6A23679B1C000300C9 = {
						CreatedOnToolsVersion = 10.3;
					};
					9B03CC7E23679B1D000300C9 = {
						CreatedOnToolsVersion = 10.3;
						TestTargetID = 9B03CC6A23679B1C000300C9;
					};
					9B03CC8923679B1D000300C9 = {
						CreatedOnToolsVersion = 10.3;
						TestTargetID = 9B03CC6A23679B1C000300C9;
					};
				};
			};
			buildConfigurationList = 9B03CC6623679B1C000300C9 /* Build configuration list for PBXProject "fIRSt" */;
			compatibilityVersion = "Xcode 9.3";
			developmentRegion = en;
			hasScannedForEncodings = 0;
			knownRegions = (
				en,
				Base,
			);
			mainGroup = 9B03CC6223679B1C000300C9;
			productRefGroup = 9B03CC6C23679B1C000300C9 /* Products */;
			projectDirPath = "";
			projectRoot = "";
			targets = (
				9B03CC6A23679B1C000300C9 /* fIRSt */,
				9B03CC7E23679B1D000300C9 /* fIRStTests */,
				9B03CC8923679B1D000300C9 /* fIRStUITests */,
			);
		};
/* End PBXProject section */

/* Begin PBXResourcesBuildPhase section */
		9B03CC6923679B1C000300C9 /* Resources */ = {
			isa = PBXResourcesBuildPhase;
			buildActionMask = 2147483647;
			files = (
				9B03CC7923679B1D000300C9 /* LaunchScreen.storyboard in Resources */,
				9B03CC7623679B1D000300C9 /* Assets.xcassets in Resources */,
				9B03CC7423679B1C000300C9 /* Main.storyboard in Resources */,
			);
			runOnlyForDeploymentPostprocessing = 0;
		};
		9B03CC7D23679B1D000300C9 /* Resources */ = {
			isa = PBXResourcesBuildPhase;
			buildActionMask = 2147483647;
			files = (
			);
			runOnlyForDeploymentPostprocessing = 0;
		};
		9B03CC8823679B1D000300C9 /* Resources */ = {
			isa = PBXResourcesBuildPhase;
			buildActionMask = 2147483647;
			files = (
			);
			runOnlyForDeploymentPostprocessing = 0;
		};
/* End PBXResourcesBuildPhase section */

/* Begin PBXSourcesBuildPhase section */
		9B03CC6723679B1C000300C9 /* Sources */ = {
			isa = PBXSourcesBuildPhase;
			buildActionMask = 2147483647;
			files = (
				9B03CC9D23679BC4000300C9 /* SecondViewContollerViewController.swift in Sources */,
				9B03CC7123679B1C000300C9 /* ViewController.swift in Sources */,
				9B03CC6F23679B1C000300C9 /* AppDelegate.swift in Sources */,
			);
			runOnlyForDeploymentPostprocessing = 0;
		};
		9B03CC7B23679B1D000300C9 /* Sources */ = {
			isa = PBXSourcesBuildPhase;
			buildActionMask = 2147483647;
			files = (
				9B03CC8423679B1D000300C9 /* fIRStTests.swift in Sources */,
			);
			runOnlyForDeploymentPostprocessing = 0;
		};
		9B03CC8623679B1D000300C9 /* Sources */ = {
			isa = PBXSourcesBuildPhase;
			buildActionMask = 2147483647;
			files = (
				9B03CC8F23679B1D000300C9 /* fIRStUITests.swift in Sources */,
			);
			runOnlyForDeploymentPostprocessing = 0;
		};
/* End PBXSourcesBuildPhase section */

/* Begin PBXTargetDependency section */
		9B03CC8123679B1D000300C9 /* PBXTargetDependency */ = {
			isa = PBXTargetDependency;
			target = 9B03CC6A23679B1C000300C9 /* fIRSt */;
			targetProxy = 9B03CC8023679B1D000300C9 /* PBXContainerItemProxy */;
		};
		9B03CC8C23679B1D000300C9 /* PBXTargetDependency */ = {
			isa = PBXTargetDependency;
			target = 9B03CC6A23679B1C000300C9 /* fIRSt */;
			targetProxy = 9B03CC8B23679B1D000300C9 /* PBXContainerItemProxy */;
		};
/* End PBXTargetDependency section */

/* Begin PBXVariantGroup section */
		9B03CC7223679B1C000300C9 /* Main.storyboard */ = {
			isa = PBXVariantGroup;
			children = (
				9B03CC7323679B1C000300C9 /* Base */,
			);
			name = Main.storyboard;
			sourceTree = "<group>";
		};
		9B03CC7723679B1D000300C9 /* LaunchScreen.storyboard */ = {
			isa = PBXVariantGroup;
			children = (
				9B03CC7823679B1D000300C9 /* Base */,
			);
			name = LaunchScreen.storyboard;
			sourceTree = "<group>";
		};
/* End PBXVariantGroup section */

/* Begin XCBuildConfiguration section */
		9B03CC9123679B1D000300C9 /* Debug */ = {
			isa = XCBuildConfiguration;
			buildSettings = {
				ALWAYS_SEARCH_USER_PATHS = NO;
				CLANG_ANALYZER_NONNULL = YES;
				CLANG_ANALYZER_NUMBER_OBJECT_CONVERSION = YES_AGGRESSIVE;
				CLANG_CXX_LANGUAGE_STANDARD = "gnu++14";
				CLANG_CXX_LIBRARY = "libc++";
				CLANG_ENABLE_MODULES = YES;
				CLANG_ENABLE_OBJC_ARC = YES;
				CLANG_ENABLE_OBJC_WEAK = YES;
				CLANG_WARN_BLOCK_CAPTURE_AUTORELEASING = YES;
				CLANG_WARN_BOOL_CONVERSION = YES;
				CLANG_WARN_COMMA = YES;
				CLANG_WARN_CONSTANT_CONVERSION = YES;
				CLANG_WARN_DEPRECATED_OBJC_IMPLEMENTATIONS = YES;
				CLANG_WARN_DIRECT_OBJC_ISA_USAGE = YES_ERROR;
				CLANG_WARN_DOCUMENTATION_COMMENTS = YES;
				CLANG_WARN_EMPTY_BODY = YES;
				CLANG_WARN_ENUM_CONVERSION = YES;
				CLANG_WARN_INFINITE_RECURSION = YES;
				CLANG_WARN_INT_CONVERSION = YES;
				CLANG_WARN_NON_LITERAL_NULL_CONVERSION = YES;
				CLANG_WARN_OBJC_IMPLICIT_RETAIN_SELF = YES;
				CLANG_WARN_OBJC_LITERAL_CONVERSION = YES;
				CLANG_WARN_OBJC_ROOT_CLASS = YES_ERROR;
				CLANG_WARN_RANGE_LOOP_ANALYSIS = YES;
				CLANG_WARN_STRICT_PROTOTYPES = YES;
				CLANG_WARN_SUSPICIOUS_MOVE = YES;
				CLANG_WARN_UNGUARDED_AVAILABILITY = YES_AGGRESSIVE;
				CLANG_WARN_UNREACHABLE_CODE = YES;
				CLANG_WARN__DUPLICATE_METHOD_MATCH = YES;
				CODE_SIGN_IDENTITY = "iPhone Developer";
				COPY_PHASE_STRIP = NO;
				DEBUG_INFORMATION_FORMAT = dwarf;
				ENABLE_STRICT_OBJC_MSGSEND = YES;
				ENABLE_TESTABILITY = YES;
				GCC_C_LANGUAGE_STANDARD = gnu11;
				GCC_DYNAMIC_NO_PIC = NO;
				GCC_NO_COMMON_BLOCKS = YES;
				GCC_OPTIMIZATION_LEVEL = 0;
				GCC_PREPROCESSOR_DEFINITIONS = (
					"DEBUG=1",
					"$(inherited)",
				);
				GCC_WARN_64_TO_32_BIT_CONVERSION = YES;
				GCC_WARN_ABOUT_RETURN_TYPE = YES_ERROR;
				GCC_WARN_UNDECLARED_SELECTOR = YES;
				GCC_WARN_UNINITIALIZED_AUTOS = YES_AGGRESSIVE;
				GCC_WARN_UNUSED_FUNCTION = YES;
				GCC_WARN_UNUSED_VARIABLE = YES;
				IPHONEOS_DEPLOYMENT_TARGET = 12.4;
				MTL_ENABLE_DEBUG_INFO = INCLUDE_SOURCE;
				MTL_FAST_MATH = YES;
				ONLY_ACTIVE_ARCH = YES;
				SDKROOT = iphoneos;
				SWIFT_ACTIVE_COMPILATION_CONDITIONS = DEBUG;
				SWIFT_OPTIMIZATION_LEVEL = "-Onone";
			};
			name = Debug;
		};
		9B03CC9223679B1D000300C9 /* Release */ = {
			isa = XCBuildConfiguration;
			buildSettings = {
				ALWAYS_SEARCH_USER_PATHS = NO;
				CLANG_ANALYZER_NONNULL = YES;
				CLANG_ANALYZER_NUMBER_OBJECT_CONVERSION = YES_AGGRESSIVE;
				CLANG_CXX_LANGUAGE_STANDARD = "gnu++14";
				CLANG_CXX_LIBRARY = "libc++";
				CLANG_ENABLE_MODULES = YES;
				CLANG_ENABLE_OBJC_ARC = YES;
				CLANG_ENABLE_OBJC_WEAK = YES;
				CLANG_WARN_BLOCK_CAPTURE_AUTORELEASING = YES;
				CLANG_WARN_BOOL_CONVERSION = YES;
				CLANG_WARN_COMMA = YES;
				CLANG_WARN_CONSTANT_CONVERSION = YES;
				CLANG_WARN_DEPRECATED_OBJC_IMPLEMENTATIONS = YES;
				CLANG_WARN_DIRECT_OBJC_ISA_USAGE = YES_ERROR;
				CLANG_WARN_DOCUMENTATION_COMMENTS = YES;
				CLANG_WARN_EMPTY_BODY = YES;
				CLANG_WARN_ENUM_CONVERSION = YES;
				CLANG_WARN_INFINITE_RECURSION = YES;
				CLANG_WARN_INT_CONVERSION = YES;
				CLANG_WARN_NON_LITERAL_NULL_CONVERSION = YES;
				CLANG_WARN_OBJC_IMPLICIT_RETAIN_SELF = YES;
				CLANG_WARN_OBJC_LITERAL_CONVERSION = YES;
				CLANG_WARN_OBJC_ROOT_CLASS = YES_ERROR;
				CLANG_WARN_RANGE_LOOP_ANALYSIS = YES;
				CLANG_WARN_STRICT_PROTOTYPES = YES;
				CLANG_WARN_SUSPICIOUS_MOVE = YES;
				CLANG_WARN_UNGUARDED_AVAILABILITY = YES_AGGRESSIVE;
				CLANG_WARN_UNREACHABLE_CODE = YES;
				CLANG_WARN__DUPLICATE_METHOD_MATCH = YES;
				CODE_SIGN_IDENTITY = "iPhone Developer";
				COPY_PHASE_STRIP = NO;
				DEBUG_INFORMATION_FORMAT = "dwarf-with-dsym";
				ENABLE_NS_ASSERTIONS = NO;
				ENABLE_STRICT_OBJC_MSGSEND = YES;
				GCC_C_LANGUAGE_STANDARD = gnu11;
				GCC_NO_COMMON_BLOCKS = YES;
				GCC_WARN_64_TO_32_BIT_CONVERSION = YES;
				GCC_WARN_ABOUT_RETURN_TYPE = YES_ERROR;
				GCC_WARN_UNDECLARED_SELECTOR = YES;
				GCC_WARN_UNINITIALIZED_AUTOS = YES_AGGRESSIVE;
				GCC_WARN_UNUSED_FUNCTION = YES;
				GCC_WARN_UNUSED_VARIABLE = YES;
				IPHONEOS_DEPLOYMENT_TARGET = 12.4;
				MTL_ENABLE_DEBUG_INFO = NO;
				MTL_FAST_MATH = YES;
				SDKROOT = iphoneos;
				SWIFT_COMPILATION_MODE = wholemodule;
				SWIFT_OPTIMIZATION_LEVEL = "-O";
				VALIDATE_PRODUCT = YES;
			};
			name = Release;
		};
		9B03CC9423679B1D000300C9 /* Debug */ = {
			isa = XCBuildConfiguration;
			buildSettings = {
				ASSETCATALOG_COMPILER_APPICON_NAME = AppIcon;
				CODE_SIGN_STYLE = Automatic;
				INFOPLIST_FILE = fIRSt/Info.plist;
				LD_RUNPATH_SEARCH_PATHS = (
					"$(inherited)",
					"@executable_path/Frameworks",
				);
				PRODUCT_BUNDLE_IDENTIFIER = CestarCollege.fIRSt;
				PRODUCT_NAME = "$(TARGET_NAME)";
				SWIFT_VERSION = 5.0;
				TARGETED_DEVICE_FAMILY = "1,2";
			};
			name = Debug;
		};
		9B03CC9523679B1D000300C9 /* Release */ = {
			isa = XCBuildConfiguration;
			buildSettings = {
				ASSETCATALOG_COMPILER_APPICON_NAME = AppIcon;
				CODE_SIGN_STYLE = Automatic;
				INFOPLIST_FILE = fIRSt/Info.plist;
				LD_RUNPATH_SEARCH_PATHS = (
					"$(inherited)",
					"@executable_path/Frameworks",
				);
				PRODUCT_BUNDLE_IDENTIFIER = CestarCollege.fIRSt;
				PRODUCT_NAME = "$(TARGET_NAME)";
				SWIFT_VERSION = 5.0;
				TARGETED_DEVICE_FAMILY = "1,2";
			};
			name = Release;
		};
		9B03CC9723679B1D000300C9 /* Debug */ = {
			isa = XCBuildConfiguration;
			buildSettings = {
				ALWAYS_EMBED_SWIFT_STANDARD_LIBRARIES = YES;
				BUNDLE_LOADER = "$(TEST_HOST)";
				CODE_SIGN_STYLE = Automatic;
				INFOPLIST_FILE = fIRStTests/Info.plist;
				LD_RUNPATH_SEARCH_PATHS = (
					"$(inherited)",
					"@executable_path/Frameworks",
					"@loader_path/Frameworks",
				);
				PRODUCT_BUNDLE_IDENTIFIER = CestarCollege.fIRStTests;
				PRODUCT_NAME = "$(TARGET_NAME)";
				SWIFT_VERSION = 5.0;
				TARGETED_DEVICE_FAMILY = "1,2";
				TEST_HOST = "$(BUILT_PRODUCTS_DIR)/fIRSt.app/fIRSt";
			};
			name = Debug;
		};
		9B03CC9823679B1D000300C9 /* Release */ = {
			isa = XCBuildConfiguration;
			buildSettings = {
				ALWAYS_EMBED_SWIFT_STANDARD_LIBRARIES = YES;
				BUNDLE_LOADER = "$(TEST_HOST)";
				CODE_SIGN_STYLE = Automatic;
				INFOPLIST_FILE = fIRStTests/Info.plist;
				LD_RUNPATH_SEARCH_PATHS = (
					"$(inherited)",
					"@executable_path/Frameworks",
					"@loader_path/Frameworks",
				);
				PRODUCT_BUNDLE_IDENTIFIER = CestarCollege.fIRStTests;
				PRODUCT_NAME = "$(TARGET_NAME)";
				SWIFT_VERSION = 5.0;
				TARGETED_DEVICE_FAMILY = "1,2";
				TEST_HOST = "$(BUILT_PRODUCTS_DIR)/fIRSt.app/fIRSt";
			};
			name = Release;
		};
		9B03CC9A23679B1D000300C9 /* Debug */ = {
			isa = XCBuildConfiguration;
			buildSettings = {
				ALWAYS_EMBED_SWIFT_STANDARD_LIBRARIES = YES;
				CODE_SIGN_STYLE = Automatic;
				INFOPLIST_FILE = fIRStUITests/Info.plist;
				LD_RUNPATH_SEARCH_PATHS = (
					"$(inherited)",
					"@executable_path/Frameworks",
					"@loader_path/Frameworks",
				);
				PRODUCT_BUNDLE_IDENTIFIER = CestarCollege.fIRStUITests;
				PRODUCT_NAME = "$(TARGET_NAME)";
				SWIFT_VERSION = 5.0;
				TARGETED_DEVICE_FAMILY = "1,2";
				TEST_TARGET_NAME = fIRSt;
			};
			name = Debug;
		};
		9B03CC9B23679B1D000300C9 /* Release */ = {
			isa = XCBuildConfiguration;
			buildSettings = {
				ALWAYS_EMBED_SWIFT_STANDARD_LIBRARIES = YES;
				CODE_SIGN_STYLE = Automatic;
				INFOPLIST_FILE = fIRStUITests/Info.plist;
				LD_RUNPATH_SEARCH_PATHS = (
					"$(inherited)",
					"@executable_path/Frameworks",
					"@loader_path/Frameworks",
				);
				PRODUCT_BUNDLE_IDENTIFIER = CestarCollege.fIRStUITests;
				PRODUCT_NAME = "$(TARGET_NAME)";
				SWIFT_VERSION = 5.0;
				TARGETED_DEVICE_FAMILY = "1,2";
				TEST_TARGET_NAME = fIRSt;
			};
			name = Release;
		};
/* End XCBuildConfiguration section */

/* Begin XCConfigurationList section */
		9B03CC6623679B1C000300C9 /* Build configuration list for PBXProject "fIRSt" */ = {
			isa = XCConfigurationList;
			buildConfigurations = (
				9B03CC9123679B1D000300C9 /* Debug */,
				9B03CC9223679B1D000300C9 /* Release */,
			);
			defaultConfigurationIsVisible = 0;
			defaultConfigurationName = Release;
		};
		9B03CC9323679B1D000300C9 /* Build configuration list for PBXNativeTarget "fIRSt" */ = {
			isa = XCConfigurationList;
			buildConfigurations = (
				9B03CC9423679B1D000300C9 /* Debug */,
				9B03CC9523679B1D000300C9 /* Release */,
			);
			defaultConfigurationIsVisible = 0;
			defaultConfigurationName = Release;
		};
		9B03CC9623679B1D000300C9 /* Build configuration list for PBXNativeTarget "fIRStTests" */ = {
			isa = XCConfigurationList;
			buildConfigurations = (
				9B03CC9723679B1D000300C9 /* Debug */,
				9B03CC9823679B1D000300C9 /* Release */,
			);
			defaultConfigurationIsVisible = 0;
			defaultConfigurationName = Release;
		};
		9B03CC9923679B1D000300C9 /* Build configuration list for PBXNativeTarget "fIRStUITests" */ = {
			isa = XCConfigurationList;
			buildConfigurations = (
				9B03CC9A23679B1D000300C9 /* Debug */,
				9B03CC9B23679B1D000300C9 /* Release */,
			);
			defaultConfigurationIsVisible = 0;
			defaultConfigurationName = Release;
		};
/* End XCConfigurationList section */
	};
	rootObject = 9B03CC6323679B1C000300C9 /* Project object */;
}
